
Microsoft Visual Studio Solution File, Format Version 12.00
# Visual Studio 15
VisualStudioVersion = 15.0.28010.2036
MinimumVisualStudioVersion = 10.0.40219.1
Project("{FAE04EC0-301F-11D3-BF4B-00C04F79EFBC}") = "CrazyRecycling", "CrazyRecycling.csproj", "{CDD73118-2A09-4458-8DEA-3B1487E1C2CA}"
EndProject
Project("{9A19103F-16F7-4668-BE54-9A1E7A4F7556}") = "Server", "..\Server\Server.csproj", "{AAC703CA-2BC9-49B1-8708-C2D3B2B8C7B5}"
EndProject
Project("{FAE04EC0-301F-11D3-BF4B-00C04F79EFBC}") = "UnitTestProject", "..\UnitTestProject\UnitTestProject.csproj", "{C99FC3E5-A99C-4DD1-B5D0-FE6961EDA842}"
EndProject
Project("{FAE04EC0-301F-11D3-BF4B-00C04F79EFBC}") = "CustomeRulesetProject", "..\CustomeRulesetProject\CustomeRulesetProject.csproj", "{3C7965C7-EE7E-4A7E-845B-2CEB2A1A0562}"
EndProject
Global
	GlobalSection(SolutionConfigurationPlatforms) = preSolution
		Debug|Any CPU = Debug|Any CPU
		Release|Any CPU = Release|Any CPU
	EndGlobalSection
	GlobalSection(ProjectConfigurationPlatforms) = postSolution
		{CDD73118-2A09-4458-8DEA-3B1487E1C2CA}.Debug|Any CPU.ActiveCfg = Debug|Any CPU
		{CDD73118-2A09-4458-8DEA-3B1487E1C2CA}.Debug|Any CPU.Build.0 = Debug|Any CPU
		{CDD73118-2A09-4458-8DEA-3B1487E1C2CA}.Release|Any CPU.ActiveCfg = Release|Any CPU
		{CDD73118-2A09-4458-8DEA-3B1487E1C2CA}.Release|Any CPU.Build.0 = Release|Any CPU
		{AAC703CA-2BC9-49B1-8708-C2D3B2B8C7B5}.Debug|Any CPU.ActiveCfg = Debug|Any CPU
		{AAC703CA-2BC9-49B1-8708-C2D3B2B8C7B5}.Debug|Any CPU.Build.0 = Debug|Any CPU
		{AAC703CA-2BC9-49B1-8708-C2D3B2B8C7B5}.Release|Any CPU.ActiveCfg = Release|Any CPU
		{AAC703CA-2BC9-49B1-8708-C2D3B2B8C7B5}.Release|Any CPU.Build.0 = Release|Any CPU
		{C99FC3E5-A99C-4DD1-B5D0-FE6961EDA842}.Debug|Any CPU.ActiveCfg = Debug|Any CPU
		{C99FC3E5-A99C-4DD1-B5D0-FE6961EDA842}.Debug|Any CPU.Build.0 = Debug|Any CPU
		{C99FC3E5-A99C-4DD1-B5D0-FE6961EDA842}.Release|Any CPU.ActiveCfg = Release|Any CPU
		{C99FC3E5-A99C-4DD1-B5D0-FE6961EDA842}.Release|Any CPU.Build.0 = Release|Any CPU
		{3C7965C7-EE7E-4A7E-845B-2CEB2A1A0562}.Debug|Any CPU.ActiveCfg = Debug|Any CPU
		{3C7965C7-EE7E-4A7E-845B-2CEB2A1A0562}.Debug|Any CPU.Build.0 = Debug|Any CPU
		{3C7965C7-EE7E-4A7E-845B-2CEB2A1A0562}.Release|Any CPU.ActiveCfg = Release|Any CPU
		{3C7965C7-EE7E-4A7E-845B-2CEB2A1A0562}.Release|Any CPU.Build.0 = Release|Any CPU
	EndGlobalSection
	GlobalSection(SolutionProperties) = preSolution
		HideSolutionNode = FALSE
	EndGlobalSection
	GlobalSection(ExtensibilityGlobals) = postSolution
		SolutionGuid = {D76678B7-70D7-4658-A934-11B744C1E56B}
	EndGlobalSection
EndGlobal
